
Microsoft Visual Studio Solution File, Format Version 12.00
# Visual Studio Version 17
VisualStudioVersion = 17.4.33110.190
MinimumVisualStudioVersion = 10.0.40219.1
Project("{FAE04EC0-301F-11D3-BF4B-00C04F79EFBC}") = "Calculator", "Calculator\Calculator.csproj", "{F545AF95-8CE7-4292-8347-CFEC2917A458}"
EndProject
Project("{FAE04EC0-301F-11D3-BF4B-00C04F79EFBC}") = "Calculator.test", "CalculatorTest\Calculator.test.csproj", "{BCA21A07-622A-4ADF-9F90-8E7379F52342}"
EndProject
Global
	GlobalSection(SolutionConfigurationPlatforms) = preSolution
		Debug|Any CPU = Debug|Any CPU
		Release|Any CPU = Release|Any CPU
	EndGlobalSection
	GlobalSection(ProjectConfigurationPlatforms) = postSolution
		{F545AF95-8CE7-4292-8347-CFEC2917A458}.Debug|Any CPU.ActiveCfg = Debug|Any CPU
		{F545AF95-8CE7-4292-8347-CFEC2917A458}.Debug|Any CPU.Build.0 = Debug|Any CPU
		{F545AF95-8CE7-4292-8347-CFEC2917A458}.Release|Any CPU.ActiveCfg = Release|Any CPU
		{F545AF95-8CE7-4292-8347-CFEC2917A458}.Release|Any CPU.Build.0 = Release|Any CPU
		{BCA21A07-622A-4ADF-9F90-8E7379F52342}.Debug|Any CPU.ActiveCfg = Debug|Any CPU
		{BCA21A07-622A-4ADF-9F90-8E7379F52342}.Debug|Any CPU.Build.0 = Debug|Any CPU
		{BCA21A07-622A-4ADF-9F90-8E7379F52342}.Release|Any CPU.ActiveCfg = Release|Any CPU
		{BCA21A07-622A-4ADF-9F90-8E7379F52342}.Release|Any CPU.Build.0 = Release|Any CPU
	EndGlobalSection
	GlobalSection(SolutionProperties) = preSolution
		HideSolutionNode = FALSE
	EndGlobalSection
	GlobalSection(ExtensibilityGlobals) = postSolution
		SolutionGuid = {99C5B318-CE77-44E0-8A94-C7A04CB84D8B}
	EndGlobalSection
EndGlobal
